
Microsoft Visual Studio Solution File, Format Version 12.00
# Visual Studio Version 16
VisualStudioVersion = 16.0.29306.81
MinimumVisualStudioVersion = 10.0.40219.1
Project("{8BC9CEB8-8B4A-11D0-8D11-00A0C91BC942}") = "AcerScreenLock", "AcerScreenLock.vcxproj", "{AF62455D-1D13-4423-854B-EE6AAA1DA690}"
EndProject
Global
	GlobalSection(SolutionConfigurationPlatforms) = preSolution
		Debug|x64 = Debug|x64
		Debug|x86 = Debug|x86
		Release|x64 = Release|x64
		Release|x86 = Release|x86
	EndGlobalSection
	GlobalSection(ProjectConfigurationPlatforms) = postSolution
		{AF62455D-1D13-4423-854B-EE6AAA1DA690}.Debug|x64.ActiveCfg = Debug|x64
		{AF62455D-1D13-4423-854B-EE6AAA1DA690}.Debug|x64.Build.0 = Debug|x64
		{AF62455D-1D13-4423-854B-EE6AAA1DA690}.Debug|x86.ActiveCfg = Debug|Win32
		{AF62455D-1D13-4423-854B-EE6AAA1DA690}.Debug|x86.Build.0 = Debug|Win32
		{AF62455D-1D13-4423-854B-EE6AAA1DA690}.Release|x64.ActiveCfg = Release|x64
		{AF62455D-1D13-4423-854B-EE6AAA1DA690}.Release|x64.Build.0 = Release|x64
		{AF62455D-1D13-4423-854B-EE6AAA1DA690}.Release|x86.ActiveCfg = Release|Win32
		{AF62455D-1D13-4423-854B-EE6AAA1DA690}.Release|x86.Build.0 = Release|Win32
	EndGlobalSection
	GlobalSection(SolutionProperties) = preSolution
		HideSolutionNode = FALSE
	EndGlobalSection
	GlobalSection(ExtensibilityGlobals) = postSolution
		SolutionGuid = {E020F2D9-7399-4531-BC5F-1E3C21E40EA4}
	EndGlobalSection
EndGlobal
